<?xml version="1.0" encoding="utf-8"?>
<Project ToolsVersion="4.0" xmlns="http://schemas.microsoft.com/developer/msbuild/2003">
  <ItemGroup>
    <ClCompile Include="CommandBuffer.cpp" />
    <ClCompile Include="FileManager.cpp" />
    <ClCompile Include="main.cpp" />
    <ClCompile Include="ShellStringParser.cpp" />
    <ClCompile Include="ReadCommand.cpp" />
    <ClCompile Include="NANDDevice.cpp" />
    <ClCompile Include="WriteCommand.cpp" />
    <ClCompile Include="EraseCommand.cpp" />
    <ClCompile Include="FlushCommand.cpp" />
  </ItemGroup>
  <ItemGroup>
    <ClInclude Include="Command.h" />
    <ClInclude Include="CommandBuffer.h" />
    <ClInclude Include="FileManager.h" />
    <ClInclude Include="Invoker.h" />
    <ClInclude Include="ReadCommand.h" />
    <ClInclude Include="NANDDevice.h" />
    <ClInclude Include="ShellStringParser.h" />
    <ClInclude Include="WriteCommand.h" />
    <ClInclude Include="EraseCommand.h" />
    <ClInclude Include="FlushCommand.h" />
  </ItemGroup>
</Project>