<?xml version="1.0" encoding="utf-8"?>
<Project ToolsVersion="4.0" xmlns="http://schemas.microsoft.com/developer/msbuild/2003">
  <ItemGroup>
    <ClCompile Include="ResultFileReader.cpp" />
    <ClCompile Include="TestCommand.h" />
    <ClCompile Include="TestScriptRunner.h" />
    <ClCompile Include="main.cpp" />
    <ClCompile Include="TestScriptRunner.cpp" />
    <ClCompile Include="TestScriptParser.cpp" />
    <ClCompile Include="TestScriptValidChecker.cpp" />
    <ClCompile Include="VirtualSsdProcess.cpp" />
    <ClCompile Include="CommandHandler.cpp" />
    <ClCompile Include="Logger.cpp" />
  </ItemGroup>
  <ItemGroup>
    <ClInclude Include="ReadIOInterface.h" />
    <ClInclude Include="ResultFileReader.h" />
    <ClInclude Include="TestScriptParser.h" />
    <ClInclude Include="TestScriptValidChecker.h" />
    <ClInclude Include="TestShellCommon.h" />
    <ClInclude Include="VirtualSsdProcess.h" />
    <ClInclude Include="VirtualSsdProcessInterface.h" />
    <ClInclude Include="VirtualSsdProcessMock.h" />
    <ClInclude Include="CommandHandler.h" />
    <ClInclude Include="Logger.h" />
  </ItemGroup>
</Project>